
Microsoft Visual Studio Solution File, Format Version 12.00
# Visual Studio 15
VisualStudioVersion = 15.0.28307.489
MinimumVisualStudioVersion = 10.0.40219.1
Project("{FAE04EC0-301F-11D3-BF4B-00C04F79EFBC}") = "FireGame_Raman", "FireGame_Raman\FireGame_Raman.csproj", "{EA3A3FA6-A7E0-451D-81D1-E437F0CB91A6}"
EndProject
Project("{FAE04EC0-301F-11D3-BF4B-00C04F79EFBC}") = "FireGame_RamanTests", "FireGame_RamanTests\FireGame_RamanTests.csproj", "{AABC561A-1030-4DB1-8056-B0786F045B29}"
EndProject
Global
	GlobalSection(SolutionConfigurationPlatforms) = preSolution
		Debug|Any CPU = Debug|Any CPU
		Release|Any CPU = Release|Any CPU
	EndGlobalSection
	GlobalSection(ProjectConfigurationPlatforms) = postSolution
		{EA3A3FA6-A7E0-451D-81D1-E437F0CB91A6}.Debug|Any CPU.ActiveCfg = Debug|Any CPU
		{EA3A3FA6-A7E0-451D-81D1-E437F0CB91A6}.Debug|Any CPU.Build.0 = Debug|Any CPU
		{EA3A3FA6-A7E0-451D-81D1-E437F0CB91A6}.Release|Any CPU.ActiveCfg = Release|Any CPU
		{EA3A3FA6-A7E0-451D-81D1-E437F0CB91A6}.Release|Any CPU.Build.0 = Release|Any CPU
		{AABC561A-1030-4DB1-8056-B0786F045B29}.Debug|Any CPU.ActiveCfg = Debug|Any CPU
		{AABC561A-1030-4DB1-8056-B0786F045B29}.Debug|Any CPU.Build.0 = Debug|Any CPU
		{AABC561A-1030-4DB1-8056-B0786F045B29}.Release|Any CPU.ActiveCfg = Release|Any CPU
		{AABC561A-1030-4DB1-8056-B0786F045B29}.Release|Any CPU.Build.0 = Release|Any CPU
	EndGlobalSection
	GlobalSection(SolutionProperties) = preSolution
		HideSolutionNode = FALSE
	EndGlobalSection
	GlobalSection(ExtensibilityGlobals) = postSolution
		SolutionGuid = {4439C986-D2F7-4791-B3C2-30A0C28A8F04}
	EndGlobalSection
EndGlobal
